
Microsoft Visual Studio Solution File, Format Version 12.00
# Visual Studio Version 17
VisualStudioVersion = 17.0.31521.260
MinimumVisualStudioVersion = 10.0.40219.1
Project("{9A19103F-16F7-4668-BE54-9A1E7A4F7556}") = "bot", "bot\bot.csproj", "{D0BF9D4A-56E6-4BDC-9637-23F20A4B584F}"
EndProject
Project("{9A19103F-16F7-4668-BE54-9A1E7A4F7556}") = "tests", "tests\tests.csproj", "{97E1DC49-C591-4605-96A3-3DD73C8BE74A}"
EndProject
Global
	GlobalSection(SolutionConfigurationPlatforms) = preSolution
		Debug|Any CPU = Debug|Any CPU
		Release|Any CPU = Release|Any CPU
	EndGlobalSection
	GlobalSection(ProjectConfigurationPlatforms) = postSolution
		{D0BF9D4A-56E6-4BDC-9637-23F20A4B584F}.Debug|Any CPU.ActiveCfg = Debug|Any CPU
		{D0BF9D4A-56E6-4BDC-9637-23F20A4B584F}.Debug|Any CPU.Build.0 = Debug|Any CPU
		{D0BF9D4A-56E6-4BDC-9637-23F20A4B584F}.Release|Any CPU.ActiveCfg = Release|Any CPU
		{D0BF9D4A-56E6-4BDC-9637-23F20A4B584F}.Release|Any CPU.Build.0 = Release|Any CPU
		{97E1DC49-C591-4605-96A3-3DD73C8BE74A}.Debug|Any CPU.ActiveCfg = Debug|Any CPU
		{97E1DC49-C591-4605-96A3-3DD73C8BE74A}.Debug|Any CPU.Build.0 = Debug|Any CPU
		{97E1DC49-C591-4605-96A3-3DD73C8BE74A}.Release|Any CPU.ActiveCfg = Release|Any CPU
		{97E1DC49-C591-4605-96A3-3DD73C8BE74A}.Release|Any CPU.Build.0 = Release|Any CPU
	EndGlobalSection
	GlobalSection(SolutionProperties) = preSolution
		HideSolutionNode = FALSE
	EndGlobalSection
	GlobalSection(ExtensibilityGlobals) = postSolution
		SolutionGuid = {B2608AF6-BDEE-4217-8A33-871F7EC50CC3}
	EndGlobalSection
EndGlobal
