
Microsoft Visual Studio Solution File, Format Version 12.00
# Visual Studio Version 17
VisualStudioVersion = 17.0.31521.260
MinimumVisualStudioVersion = 10.0.40219.1
Project("{9A19103F-16F7-4668-BE54-9A1E7A4F7556}") = "bot", "bot\bot.csproj", "{D0BF9D4A-56E6-4BDC-9637-23F20A4B584F}"
EndProject
Project("{9A19103F-16F7-4668-BE54-9A1E7A4F7556}") = "tests", "tests\tests.csproj", "{97E1DC49-C591-4605-96A3-3DD73C8BE74A}"
EndProject
Project("{9A19103F-16F7-4668-BE54-9A1E7A4F7556}") = "v10.Services.DadJokes", "v10.Services.DadJokes\v10.Services.DadJokes.csproj", "{60C49278-464B-4CFB-8668-CE6BEB2A9B9C}"
EndProject
Project("{9A19103F-16F7-4668-BE54-9A1E7A4F7556}") = "v10.Services.Jokes", "v10.Services.Jokes\v10.Services.Jokes.csproj", "{53474D91-FE5E-4497-BD24-0F4462B182C1}"
EndProject
Project("{9A19103F-16F7-4668-BE54-9A1E7A4F7556}") = "v10.Options.Abstractions", "v10.Options.Abstractions\v10.Options.Abstractions.csproj", "{FBE7641F-2230-4EAB-8EEF-285603C9B2A5}"
EndProject
Project("{9A19103F-16F7-4668-BE54-9A1E7A4F7556}") = "v10.Options.Microsoft", "v10.Options.Microsoft\v10.Options.Microsoft.csproj", "{C191CF33-3650-45C5-9DDE-46649AF45B90}"
EndProject
Project("{9A19103F-16F7-4668-BE54-9A1E7A4F7556}") = "v10.DependencyInjection.Abstractions", "v10.DependencyInjection.Abstractions\v10.DependencyInjection.Abstractions.csproj", "{FB70DCB1-FC22-4207-8113-779A02B16CA7}"
EndProject
Project("{9A19103F-16F7-4668-BE54-9A1E7A4F7556}") = "v10.DependencyInjection.Microsoft", "v10.DependencyInjection.Microsoft\v10.DependencyInjection.Microsoft.csproj", "{2A7D3610-C112-453B-B6FE-4B8CBF372C7F}"
EndProject
Project("{2150E333-8FDC-42A3-9474-1A3956D46DE8}") = "DI", "DI", "{30246371-00ED-4793-BB81-8DC50DDAA77D}"
EndProject
Project("{2150E333-8FDC-42A3-9474-1A3956D46DE8}") = "Solution Items", "Solution Items", "{5E40C87D-49E5-41E1-8560-871FEF388C05}"
	ProjectSection(SolutionItems) = preProject
		.editorconfig = .editorconfig
		README.md = README.md
	EndProjectSection
EndProject
Project("{2150E333-8FDC-42A3-9474-1A3956D46DE8}") = "Data", "Data", "{3DFBCF29-3EC6-45FF-87D2-D12B25D7B508}"
EndProject
Project("{9A19103F-16F7-4668-BE54-9A1E7A4F7556}") = "v10.Data.Abstractions", "v10.Data.Abstractions\v10.Data.Abstractions.csproj", "{F45C3045-6AA1-402C-8603-966C37D37433}"
EndProject
Project("{9A19103F-16F7-4668-BE54-9A1E7A4F7556}") = "v10.Data.MongoDB", "v10.Data.MongoDB\v10.Data.MongoDB.csproj", "{9F0A1FCB-3F01-4855-819B-FE2250DCBECD}"
EndProject
Project("{2150E333-8FDC-42A3-9474-1A3956D46DE8}") = "Services", "Services", "{104C7B96-B4CB-4A7B-A1FB-8F089486E24F}"
EndProject
Project("{9A19103F-16F7-4668-BE54-9A1E7A4F7556}") = "v10.Bot.Core", "v10.Bot.Core\v10.Bot.Core.csproj", "{92E9FFE9-ED8C-42E0-9DC2-8F274C1A3817}"
EndProject
Project("{9A19103F-16F7-4668-BE54-9A1E7A4F7556}") = "v10.Messaging", "v10.Messaging\v10.Messaging.csproj", "{153B8693-0E0D-489B-A488-2AB987708336}"
EndProject
Project("{9A19103F-16F7-4668-BE54-9A1E7A4F7556}") = "bot-api", "bot-api\bot-api.csproj", "{BA688DEF-ED2A-4B2E-AE0B-1625D7686522}"
EndProject
Project("{9A19103F-16F7-4668-BE54-9A1E7A4F7556}") = "v10.Events.Core", "v10.Events.Core\v10.Events.Core.csproj", "{1E72D29E-0035-4C46-9083-5FFBBBCD81F3}"
EndProject
Project("{9A19103F-16F7-4668-BE54-9A1E7A4F7556}") = "v10.Games.EightBall", "v10.Games.EightBall\v10.Games.EightBall.csproj", "{69C91C02-1085-482A-832A-74B9776E54E2}"
EndProject
Project("{9A19103F-16F7-4668-BE54-9A1E7A4F7556}") = "v10.Bot.Discord", "v10.Bot.Discord\v10.Bot.Discord.csproj", "{371AB036-1578-40E6-A0B2-548CB60A8414}"
EndProject
Project("{9A19103F-16F7-4668-BE54-9A1E7A4F7556}") = "v10.Bot.Core.Abstractions", "v10.Bot.Core.Abstractions\v10.Bot.Core.Abstractions.csproj", "{BE6B3973-6296-4128-AF96-4C5EB7E200E3}"
EndProject
Project("{9A19103F-16F7-4668-BE54-9A1E7A4F7556}") = "v10.Services.RedneckJokes", "v10.Services.RedneckJokes\v10.Services.RedneckJokes.csproj", "{813EB847-F129-4E54-907A-B0E83E16DD8F}"
EndProject
Project("{9A19103F-16F7-4668-BE54-9A1E7A4F7556}") = "v10.Services.MondayQuotes", "v10.Services.MondayQuotes\v10.Services.MondayQuotes.csproj", "{B51575C6-723E-4244-9111-35ABB39573E1}"
EndProject
Project("{9A19103F-16F7-4668-BE54-9A1E7A4F7556}") = "v10.Services.StrangeLaws", "v10.Services.StrangeLaws\v10.Services.StrangeLaws.csproj", "{468D23AA-2D6E-419B-8047-04236AA719E3}"
EndProject
Project("{9A19103F-16F7-4668-BE54-9A1E7A4F7556}") = "v10.Services.Images", "v10.Services.Images\v10.Services.Images.csproj", "{D6D195E1-C511-47AA-99EB-FE6675E01FDE}"
EndProject
Project("{9A19103F-16F7-4668-BE54-9A1E7A4F7556}") = "v10.Games.Dice", "v10.Games.Dice\v10.Games.Dice.csproj", "{59D6BACD-CFBA-464B-B70C-C13AE5B0EC9B}"
EndProject
Project("{2150E333-8FDC-42A3-9474-1A3956D46DE8}") = "Libraries", "Libraries", "{2FD4965A-0E4C-47D2-920B-FC29B9775B9D}"
EndProject
Project("{9A19103F-16F7-4668-BE54-9A1E7A4F7556}") = "BotAdminUI", "bot-admin-ui\bot-admin-ui\BotAdminUI.csproj", "{B6976E9C-261E-470F-8D73-6F7879875998}"
EndProject
Project("{9A19103F-16F7-4668-BE54-9A1E7A4F7556}") = "BotAdminUI.Client", "bot-admin-ui\bot-admin-ui.Client\BotAdminUI.Client.csproj", "{D2BA6AED-68F3-4C56-8528-CF786AA7B2B6}"
EndProject
Project("{2150E333-8FDC-42A3-9474-1A3956D46DE8}") = "UI", "UI", "{05A7DFFE-5FE9-44E3-8D51-CB2C79BA19C2}"
EndProject
Global
	GlobalSection(SolutionConfigurationPlatforms) = preSolution
		Debug|Any CPU = Debug|Any CPU
		Release|Any CPU = Release|Any CPU
	EndGlobalSection
	GlobalSection(ProjectConfigurationPlatforms) = postSolution
		{D0BF9D4A-56E6-4BDC-9637-23F20A4B584F}.Debug|Any CPU.ActiveCfg = Debug|Any CPU
		{D0BF9D4A-56E6-4BDC-9637-23F20A4B584F}.Debug|Any CPU.Build.0 = Debug|Any CPU
		{D0BF9D4A-56E6-4BDC-9637-23F20A4B584F}.Release|Any CPU.ActiveCfg = Release|Any CPU
		{D0BF9D4A-56E6-4BDC-9637-23F20A4B584F}.Release|Any CPU.Build.0 = Release|Any CPU
		{97E1DC49-C591-4605-96A3-3DD73C8BE74A}.Debug|Any CPU.ActiveCfg = Debug|Any CPU
		{97E1DC49-C591-4605-96A3-3DD73C8BE74A}.Debug|Any CPU.Build.0 = Debug|Any CPU
		{97E1DC49-C591-4605-96A3-3DD73C8BE74A}.Release|Any CPU.ActiveCfg = Release|Any CPU
		{97E1DC49-C591-4605-96A3-3DD73C8BE74A}.Release|Any CPU.Build.0 = Release|Any CPU
		{60C49278-464B-4CFB-8668-CE6BEB2A9B9C}.Debug|Any CPU.ActiveCfg = Debug|Any CPU
		{60C49278-464B-4CFB-8668-CE6BEB2A9B9C}.Debug|Any CPU.Build.0 = Debug|Any CPU
		{60C49278-464B-4CFB-8668-CE6BEB2A9B9C}.Release|Any CPU.ActiveCfg = Release|Any CPU
		{60C49278-464B-4CFB-8668-CE6BEB2A9B9C}.Release|Any CPU.Build.0 = Release|Any CPU
		{53474D91-FE5E-4497-BD24-0F4462B182C1}.Debug|Any CPU.ActiveCfg = Debug|Any CPU
		{53474D91-FE5E-4497-BD24-0F4462B182C1}.Debug|Any CPU.Build.0 = Debug|Any CPU
		{53474D91-FE5E-4497-BD24-0F4462B182C1}.Release|Any CPU.ActiveCfg = Release|Any CPU
		{53474D91-FE5E-4497-BD24-0F4462B182C1}.Release|Any CPU.Build.0 = Release|Any CPU
		{FBE7641F-2230-4EAB-8EEF-285603C9B2A5}.Debug|Any CPU.ActiveCfg = Debug|Any CPU
		{FBE7641F-2230-4EAB-8EEF-285603C9B2A5}.Debug|Any CPU.Build.0 = Debug|Any CPU
		{FBE7641F-2230-4EAB-8EEF-285603C9B2A5}.Release|Any CPU.ActiveCfg = Release|Any CPU
		{FBE7641F-2230-4EAB-8EEF-285603C9B2A5}.Release|Any CPU.Build.0 = Release|Any CPU
		{C191CF33-3650-45C5-9DDE-46649AF45B90}.Debug|Any CPU.ActiveCfg = Debug|Any CPU
		{C191CF33-3650-45C5-9DDE-46649AF45B90}.Debug|Any CPU.Build.0 = Debug|Any CPU
		{C191CF33-3650-45C5-9DDE-46649AF45B90}.Release|Any CPU.ActiveCfg = Release|Any CPU
		{C191CF33-3650-45C5-9DDE-46649AF45B90}.Release|Any CPU.Build.0 = Release|Any CPU
		{FB70DCB1-FC22-4207-8113-779A02B16CA7}.Debug|Any CPU.ActiveCfg = Debug|Any CPU
		{FB70DCB1-FC22-4207-8113-779A02B16CA7}.Debug|Any CPU.Build.0 = Debug|Any CPU
		{FB70DCB1-FC22-4207-8113-779A02B16CA7}.Release|Any CPU.ActiveCfg = Release|Any CPU
		{FB70DCB1-FC22-4207-8113-779A02B16CA7}.Release|Any CPU.Build.0 = Release|Any CPU
		{2A7D3610-C112-453B-B6FE-4B8CBF372C7F}.Debug|Any CPU.ActiveCfg = Debug|Any CPU
		{2A7D3610-C112-453B-B6FE-4B8CBF372C7F}.Debug|Any CPU.Build.0 = Debug|Any CPU
		{2A7D3610-C112-453B-B6FE-4B8CBF372C7F}.Release|Any CPU.ActiveCfg = Release|Any CPU
		{2A7D3610-C112-453B-B6FE-4B8CBF372C7F}.Release|Any CPU.Build.0 = Release|Any CPU
		{F45C3045-6AA1-402C-8603-966C37D37433}.Debug|Any CPU.ActiveCfg = Debug|Any CPU
		{F45C3045-6AA1-402C-8603-966C37D37433}.Debug|Any CPU.Build.0 = Debug|Any CPU
		{F45C3045-6AA1-402C-8603-966C37D37433}.Release|Any CPU.ActiveCfg = Release|Any CPU
		{F45C3045-6AA1-402C-8603-966C37D37433}.Release|Any CPU.Build.0 = Release|Any CPU
		{9F0A1FCB-3F01-4855-819B-FE2250DCBECD}.Debug|Any CPU.ActiveCfg = Debug|Any CPU
		{9F0A1FCB-3F01-4855-819B-FE2250DCBECD}.Debug|Any CPU.Build.0 = Debug|Any CPU
		{9F0A1FCB-3F01-4855-819B-FE2250DCBECD}.Release|Any CPU.ActiveCfg = Release|Any CPU
		{9F0A1FCB-3F01-4855-819B-FE2250DCBECD}.Release|Any CPU.Build.0 = Release|Any CPU
		{92E9FFE9-ED8C-42E0-9DC2-8F274C1A3817}.Debug|Any CPU.ActiveCfg = Debug|Any CPU
		{92E9FFE9-ED8C-42E0-9DC2-8F274C1A3817}.Debug|Any CPU.Build.0 = Debug|Any CPU
		{92E9FFE9-ED8C-42E0-9DC2-8F274C1A3817}.Release|Any CPU.ActiveCfg = Release|Any CPU
		{92E9FFE9-ED8C-42E0-9DC2-8F274C1A3817}.Release|Any CPU.Build.0 = Release|Any CPU
		{153B8693-0E0D-489B-A488-2AB987708336}.Debug|Any CPU.ActiveCfg = Debug|Any CPU
		{153B8693-0E0D-489B-A488-2AB987708336}.Debug|Any CPU.Build.0 = Debug|Any CPU
		{153B8693-0E0D-489B-A488-2AB987708336}.Release|Any CPU.ActiveCfg = Release|Any CPU
		{153B8693-0E0D-489B-A488-2AB987708336}.Release|Any CPU.Build.0 = Release|Any CPU
		{BA688DEF-ED2A-4B2E-AE0B-1625D7686522}.Debug|Any CPU.ActiveCfg = Debug|Any CPU
		{BA688DEF-ED2A-4B2E-AE0B-1625D7686522}.Debug|Any CPU.Build.0 = Debug|Any CPU
		{BA688DEF-ED2A-4B2E-AE0B-1625D7686522}.Release|Any CPU.ActiveCfg = Release|Any CPU
		{BA688DEF-ED2A-4B2E-AE0B-1625D7686522}.Release|Any CPU.Build.0 = Release|Any CPU
		{1E72D29E-0035-4C46-9083-5FFBBBCD81F3}.Debug|Any CPU.ActiveCfg = Debug|Any CPU
		{1E72D29E-0035-4C46-9083-5FFBBBCD81F3}.Debug|Any CPU.Build.0 = Debug|Any CPU
		{1E72D29E-0035-4C46-9083-5FFBBBCD81F3}.Release|Any CPU.ActiveCfg = Release|Any CPU
		{1E72D29E-0035-4C46-9083-5FFBBBCD81F3}.Release|Any CPU.Build.0 = Release|Any CPU
		{69C91C02-1085-482A-832A-74B9776E54E2}.Debug|Any CPU.ActiveCfg = Debug|Any CPU
		{69C91C02-1085-482A-832A-74B9776E54E2}.Debug|Any CPU.Build.0 = Debug|Any CPU
		{69C91C02-1085-482A-832A-74B9776E54E2}.Release|Any CPU.ActiveCfg = Release|Any CPU
		{69C91C02-1085-482A-832A-74B9776E54E2}.Release|Any CPU.Build.0 = Release|Any CPU
		{371AB036-1578-40E6-A0B2-548CB60A8414}.Debug|Any CPU.ActiveCfg = Debug|Any CPU
		{371AB036-1578-40E6-A0B2-548CB60A8414}.Debug|Any CPU.Build.0 = Debug|Any CPU
		{371AB036-1578-40E6-A0B2-548CB60A8414}.Release|Any CPU.ActiveCfg = Release|Any CPU
		{371AB036-1578-40E6-A0B2-548CB60A8414}.Release|Any CPU.Build.0 = Release|Any CPU
		{BE6B3973-6296-4128-AF96-4C5EB7E200E3}.Debug|Any CPU.ActiveCfg = Debug|Any CPU
		{BE6B3973-6296-4128-AF96-4C5EB7E200E3}.Debug|Any CPU.Build.0 = Debug|Any CPU
		{BE6B3973-6296-4128-AF96-4C5EB7E200E3}.Release|Any CPU.ActiveCfg = Release|Any CPU
		{BE6B3973-6296-4128-AF96-4C5EB7E200E3}.Release|Any CPU.Build.0 = Release|Any CPU
		{813EB847-F129-4E54-907A-B0E83E16DD8F}.Debug|Any CPU.ActiveCfg = Debug|Any CPU
		{813EB847-F129-4E54-907A-B0E83E16DD8F}.Debug|Any CPU.Build.0 = Debug|Any CPU
		{813EB847-F129-4E54-907A-B0E83E16DD8F}.Release|Any CPU.ActiveCfg = Release|Any CPU
		{813EB847-F129-4E54-907A-B0E83E16DD8F}.Release|Any CPU.Build.0 = Release|Any CPU
		{B51575C6-723E-4244-9111-35ABB39573E1}.Debug|Any CPU.ActiveCfg = Debug|Any CPU
		{B51575C6-723E-4244-9111-35ABB39573E1}.Debug|Any CPU.Build.0 = Debug|Any CPU
		{B51575C6-723E-4244-9111-35ABB39573E1}.Release|Any CPU.ActiveCfg = Release|Any CPU
		{B51575C6-723E-4244-9111-35ABB39573E1}.Release|Any CPU.Build.0 = Release|Any CPU
		{468D23AA-2D6E-419B-8047-04236AA719E3}.Debug|Any CPU.ActiveCfg = Debug|Any CPU
		{468D23AA-2D6E-419B-8047-04236AA719E3}.Debug|Any CPU.Build.0 = Debug|Any CPU
		{468D23AA-2D6E-419B-8047-04236AA719E3}.Release|Any CPU.ActiveCfg = Release|Any CPU
		{468D23AA-2D6E-419B-8047-04236AA719E3}.Release|Any CPU.Build.0 = Release|Any CPU
		{D6D195E1-C511-47AA-99EB-FE6675E01FDE}.Debug|Any CPU.ActiveCfg = Debug|Any CPU
		{D6D195E1-C511-47AA-99EB-FE6675E01FDE}.Debug|Any CPU.Build.0 = Debug|Any CPU
		{D6D195E1-C511-47AA-99EB-FE6675E01FDE}.Release|Any CPU.ActiveCfg = Release|Any CPU
		{D6D195E1-C511-47AA-99EB-FE6675E01FDE}.Release|Any CPU.Build.0 = Release|Any CPU
		{59D6BACD-CFBA-464B-B70C-C13AE5B0EC9B}.Debug|Any CPU.ActiveCfg = Debug|Any CPU
		{59D6BACD-CFBA-464B-B70C-C13AE5B0EC9B}.Debug|Any CPU.Build.0 = Debug|Any CPU
		{59D6BACD-CFBA-464B-B70C-C13AE5B0EC9B}.Release|Any CPU.ActiveCfg = Release|Any CPU
		{59D6BACD-CFBA-464B-B70C-C13AE5B0EC9B}.Release|Any CPU.Build.0 = Release|Any CPU
		{B6976E9C-261E-470F-8D73-6F7879875998}.Debug|Any CPU.ActiveCfg = Debug|Any CPU
		{B6976E9C-261E-470F-8D73-6F7879875998}.Debug|Any CPU.Build.0 = Debug|Any CPU
		{B6976E9C-261E-470F-8D73-6F7879875998}.Release|Any CPU.ActiveCfg = Release|Any CPU
		{B6976E9C-261E-470F-8D73-6F7879875998}.Release|Any CPU.Build.0 = Release|Any CPU
		{D2BA6AED-68F3-4C56-8528-CF786AA7B2B6}.Debug|Any CPU.ActiveCfg = Debug|Any CPU
		{D2BA6AED-68F3-4C56-8528-CF786AA7B2B6}.Debug|Any CPU.Build.0 = Debug|Any CPU
		{D2BA6AED-68F3-4C56-8528-CF786AA7B2B6}.Release|Any CPU.ActiveCfg = Release|Any CPU
		{D2BA6AED-68F3-4C56-8528-CF786AA7B2B6}.Release|Any CPU.Build.0 = Release|Any CPU
	EndGlobalSection
	GlobalSection(SolutionProperties) = preSolution
		HideSolutionNode = FALSE
	EndGlobalSection
	GlobalSection(NestedProjects) = preSolution
		{60C49278-464B-4CFB-8668-CE6BEB2A9B9C} = {104C7B96-B4CB-4A7B-A1FB-8F089486E24F}
		{53474D91-FE5E-4497-BD24-0F4462B182C1} = {104C7B96-B4CB-4A7B-A1FB-8F089486E24F}
		{FBE7641F-2230-4EAB-8EEF-285603C9B2A5} = {30246371-00ED-4793-BB81-8DC50DDAA77D}
		{C191CF33-3650-45C5-9DDE-46649AF45B90} = {30246371-00ED-4793-BB81-8DC50DDAA77D}
		{FB70DCB1-FC22-4207-8113-779A02B16CA7} = {30246371-00ED-4793-BB81-8DC50DDAA77D}
		{2A7D3610-C112-453B-B6FE-4B8CBF372C7F} = {30246371-00ED-4793-BB81-8DC50DDAA77D}
		{F45C3045-6AA1-402C-8603-966C37D37433} = {3DFBCF29-3EC6-45FF-87D2-D12B25D7B508}
		{9F0A1FCB-3F01-4855-819B-FE2250DCBECD} = {3DFBCF29-3EC6-45FF-87D2-D12B25D7B508}
		{92E9FFE9-ED8C-42E0-9DC2-8F274C1A3817} = {2FD4965A-0E4C-47D2-920B-FC29B9775B9D}
		{153B8693-0E0D-489B-A488-2AB987708336} = {2FD4965A-0E4C-47D2-920B-FC29B9775B9D}
		{1E72D29E-0035-4C46-9083-5FFBBBCD81F3} = {2FD4965A-0E4C-47D2-920B-FC29B9775B9D}
		{69C91C02-1085-482A-832A-74B9776E54E2} = {104C7B96-B4CB-4A7B-A1FB-8F089486E24F}
		{371AB036-1578-40E6-A0B2-548CB60A8414} = {2FD4965A-0E4C-47D2-920B-FC29B9775B9D}
		{BE6B3973-6296-4128-AF96-4C5EB7E200E3} = {2FD4965A-0E4C-47D2-920B-FC29B9775B9D}
		{813EB847-F129-4E54-907A-B0E83E16DD8F} = {104C7B96-B4CB-4A7B-A1FB-8F089486E24F}
		{B51575C6-723E-4244-9111-35ABB39573E1} = {104C7B96-B4CB-4A7B-A1FB-8F089486E24F}
		{468D23AA-2D6E-419B-8047-04236AA719E3} = {104C7B96-B4CB-4A7B-A1FB-8F089486E24F}
		{D6D195E1-C511-47AA-99EB-FE6675E01FDE} = {104C7B96-B4CB-4A7B-A1FB-8F089486E24F}
		{59D6BACD-CFBA-464B-B70C-C13AE5B0EC9B} = {104C7B96-B4CB-4A7B-A1FB-8F089486E24F}
		{B6976E9C-261E-470F-8D73-6F7879875998} = {05A7DFFE-5FE9-44E3-8D51-CB2C79BA19C2}
		{D2BA6AED-68F3-4C56-8528-CF786AA7B2B6} = {05A7DFFE-5FE9-44E3-8D51-CB2C79BA19C2}
	EndGlobalSection
	GlobalSection(ExtensibilityGlobals) = postSolution
		SolutionGuid = {B2608AF6-BDEE-4217-8A33-871F7EC50CC3}
	EndGlobalSection
EndGlobal
