Microsoft Visual Studio Solution File, Format Version 12.00
# Visual Studio Version 16
VisualStudioVersion = 16.0.0.0
MinimumVisualStudioVersion = 16.0.0.0
Project("{9A19103F-16F7-4668-BE54-9A1E7A4F7556}") = "bot-admin-ui", "bot-admin-ui\bot-admin-ui.csproj", "{AF38973E-5EE5-4EA7-9B47-B705C36EF274}"
EndProject
Project("{9A19103F-16F7-4668-BE54-9A1E7A4F7556}") = "bot-admin-ui.Client", "bot-admin-ui.Client\bot-admin-ui.Client.csproj", "{301EDC87-7208-45A3-B677-CF6A51D3377C}"
EndProject
Global
	GlobalSection(SolutionConfigurationPlatforms) = preSolution
		Debug|Any CPU = Debug|Any CPU
		Debug|x64 = Debug|x64
		Debug|x86 = Debug|x86
		Release|Any CPU = Release|Any CPU
		Release|x64 = Release|x64
		Release|x86 = Release|x86
	EndGlobalSection
	GlobalSection(ProjectConfigurationPlatforms) = postSolution
		{301EDC87-7208-45A3-B677-CF6A51D3377C}.Debug|Any CPU.ActiveCfg = Debug|Any CPU
		{301EDC87-7208-45A3-B677-CF6A51D3377C}.Debug|Any CPU.Build.0 = Debug|Any CPU
		{301EDC87-7208-45A3-B677-CF6A51D3377C}.Debug|x64.ActiveCfg = Debug|Any CPU
		{301EDC87-7208-45A3-B677-CF6A51D3377C}.Debug|x64.Build.0 = Debug|Any CPU
		{301EDC87-7208-45A3-B677-CF6A51D3377C}.Debug|x86.ActiveCfg = Debug|Any CPU
		{301EDC87-7208-45A3-B677-CF6A51D3377C}.Debug|x86.Build.0 = Debug|Any CPU
		{301EDC87-7208-45A3-B677-CF6A51D3377C}.Release|Any CPU.ActiveCfg = Release|Any CPU
		{301EDC87-7208-45A3-B677-CF6A51D3377C}.Release|Any CPU.Build.0 = Release|Any CPU
		{301EDC87-7208-45A3-B677-CF6A51D3377C}.Release|x64.ActiveCfg = Release|Any CPU
		{301EDC87-7208-45A3-B677-CF6A51D3377C}.Release|x64.Build.0 = Release|Any CPU
		{301EDC87-7208-45A3-B677-CF6A51D3377C}.Release|x86.ActiveCfg = Release|Any CPU
		{301EDC87-7208-45A3-B677-CF6A51D3377C}.Release|x86.Build.0 = Release|Any CPU
		{AF38973E-5EE5-4EA7-9B47-B705C36EF274}.Debug|Any CPU.ActiveCfg = Debug|Any CPU
		{AF38973E-5EE5-4EA7-9B47-B705C36EF274}.Debug|Any CPU.Build.0 = Debug|Any CPU
		{AF38973E-5EE5-4EA7-9B47-B705C36EF274}.Debug|x64.ActiveCfg = Debug|Any CPU
		{AF38973E-5EE5-4EA7-9B47-B705C36EF274}.Debug|x64.Build.0 = Debug|Any CPU
		{AF38973E-5EE5-4EA7-9B47-B705C36EF274}.Debug|x86.ActiveCfg = Debug|Any CPU
		{AF38973E-5EE5-4EA7-9B47-B705C36EF274}.Debug|x86.Build.0 = Debug|Any CPU
		{AF38973E-5EE5-4EA7-9B47-B705C36EF274}.Release|Any CPU.ActiveCfg = Release|Any CPU
		{AF38973E-5EE5-4EA7-9B47-B705C36EF274}.Release|Any CPU.Build.0 = Release|Any CPU
		{AF38973E-5EE5-4EA7-9B47-B705C36EF274}.Release|x64.ActiveCfg = Release|Any CPU
		{AF38973E-5EE5-4EA7-9B47-B705C36EF274}.Release|x64.Build.0 = Release|Any CPU
		{AF38973E-5EE5-4EA7-9B47-B705C36EF274}.Release|x86.ActiveCfg = Release|Any CPU
		{AF38973E-5EE5-4EA7-9B47-B705C36EF274}.Release|x86.Build.0 = Release|Any CPU
	EndGlobalSection
	GlobalSection(SolutionProperties) = preSolution
		HideSolutionNode = FALSE
	EndGlobalSection
	GlobalSection(ExtensibilityGlobals) = postSolution
		SolutionGuid = {AD4BB4AE-4E0D-4AE6-9AE3-2638C0D6CDD6}
	EndGlobalSection
EndGlobal
